
Microsoft Visual Studio Solution File, Format Version 12.00
# Visual Studio 15
Project("{FAE04EC0-301F-11D3-BF4B-00C04F79EFBC}") = "Assembly-CSharp", "Assembly-CSharp.csproj", "{B260D80A-3610-6BF4-207A-C0118AA75341}"
EndProject
Project("{FAE04EC0-301F-11D3-BF4B-00C04F79EFBC}") = "Unity.Timeline", "Unity.Timeline.csproj", "{89CB93FD-4807-7C1F-5DF2-228C3CCEA1A0}"
EndProject
Project("{FAE04EC0-301F-11D3-BF4B-00C04F79EFBC}") = "Unity.Timeline.Editor", "Unity.Timeline.Editor.csproj", "{5C25DB3B-F497-9286-C20B-8D4292890720}"
EndProject
Project("{FAE04EC0-301F-11D3-BF4B-00C04F79EFBC}") = "Assembly-CSharp-Editor", "Assembly-CSharp-Editor.csproj", "{5DF70CF3-4944-C8FC-9588-9655237538D1}"
EndProject
Project("{FAE04EC0-301F-11D3-BF4B-00C04F79EFBC}") = "Unity.TextMeshPro.Editor", "Unity.TextMeshPro.Editor.csproj", "{06AAFE9B-C0EA-01CC-6877-FB0D21F41F65}"
EndProject
Project("{FAE04EC0-301F-11D3-BF4B-00C04F79EFBC}") = "Unity.VisualScripting.Flow", "Unity.VisualScripting.Flow.csproj", "{8993AC31-B98A-9641-FC07-D6C1325D351C}"
EndProject
Project("{FAE04EC0-301F-11D3-BF4B-00C04F79EFBC}") = "Unity.PlasticSCM.Editor", "Unity.PlasticSCM.Editor.csproj", "{E0F20943-AF7A-9388-011D-4BEEFC6E1545}"
EndProject
Project("{FAE04EC0-301F-11D3-BF4B-00C04F79EFBC}") = "Unity.VisualScripting.Core", "Unity.VisualScripting.Core.csproj", "{EB2F5722-3785-E996-7A17-BBBF74B8B115}"
EndProject
Project("{FAE04EC0-301F-11D3-BF4B-00C04F79EFBC}") = "Unity.VisualScripting.Core.Editor", "Unity.VisualScripting.Core.Editor.csproj", "{1844A15F-C310-97CB-93A4-A9F0EB384534}"
EndProject
Project("{FAE04EC0-301F-11D3-BF4B-00C04F79EFBC}") = "Unity.VisualScripting.Flow.Editor", "Unity.VisualScripting.Flow.Editor.csproj", "{ED56E14D-00DA-73DD-3164-729153407C21}"
EndProject
Project("{FAE04EC0-301F-11D3-BF4B-00C04F79EFBC}") = "UnityEditor.TestRunner", "UnityEditor.TestRunner.csproj", "{3DA653C7-D3AE-8E9B-8705-EE3CF7871F5D}"
EndProject
Project("{FAE04EC0-301F-11D3-BF4B-00C04F79EFBC}") = "Unity.VisualScripting.SettingsProvider.Editor", "Unity.VisualScripting.SettingsProvider.Editor.csproj", "{3F3EE997-AE13-9223-648D-A4F2F3AB960E}"
EndProject
Project("{FAE04EC0-301F-11D3-BF4B-00C04F79EFBC}") = "UnityEngine.TestRunner", "UnityEngine.TestRunner.csproj", "{9217C281-FB93-676E-3F74-888BBBF5BAE9}"
EndProject
Project("{FAE04EC0-301F-11D3-BF4B-00C04F79EFBC}") = "Unity.VisualStudio.Editor", "Unity.VisualStudio.Editor.csproj", "{668C8BE6-BCA6-5BBA-68B3-D0DEE710B1AB}"
EndProject
Project("{FAE04EC0-301F-11D3-BF4B-00C04F79EFBC}") = "Unity.TestTools.CodeCoverage.Editor.OpenCover.Model", "Unity.TestTools.CodeCoverage.Editor.OpenCover.Model.csproj", "{D4DA0458-DC00-F3EC-106E-68A20100816C}"
EndProject
Project("{FAE04EC0-301F-11D3-BF4B-00C04F79EFBC}") = "Unity.Rider.Editor", "Unity.Rider.Editor.csproj", "{4FF90C4D-CFC3-FDF1-B340-695A0E8B725A}"
EndProject
Project("{FAE04EC0-301F-11D3-BF4B-00C04F79EFBC}") = "Unity.Postprocessing.Runtime", "Unity.Postprocessing.Runtime.csproj", "{E157B95B-4CF0-E495-CE13-FD238F73214F}"
EndProject
Project("{FAE04EC0-301F-11D3-BF4B-00C04F79EFBC}") = "Unity.VisualScripting.State.Editor", "Unity.VisualScripting.State.Editor.csproj", "{D5C60B86-B153-C704-AAC9-EBB8D264CB9C}"
EndProject
Project("{FAE04EC0-301F-11D3-BF4B-00C04F79EFBC}") = "Unity.TestTools.CodeCoverage.Editor", "Unity.TestTools.CodeCoverage.Editor.csproj", "{1870797A-C95A-2FF5-A2E4-C06EDCE12A93}"
EndProject
Project("{FAE04EC0-301F-11D3-BF4B-00C04F79EFBC}") = "Unity.Postprocessing.Editor", "Unity.Postprocessing.Editor.csproj", "{0A3C8F5A-BC86-D8DC-62A7-BE9E0B5D93AB}"
EndProject
Project("{FAE04EC0-301F-11D3-BF4B-00C04F79EFBC}") = "Unity.VisualScripting.State", "Unity.VisualScripting.State.csproj", "{DD43C4B0-5452-92DA-23E8-4E721B0BD31C}"
EndProject
Project("{FAE04EC0-301F-11D3-BF4B-00C04F79EFBC}") = "Unity.TextMeshPro", "Unity.TextMeshPro.csproj", "{5FA1706B-DF54-9732-D8CB-DA1528447103}"
EndProject
Project("{FAE04EC0-301F-11D3-BF4B-00C04F79EFBC}") = "Unity.Performance.Profile-Analyzer.Editor", "Unity.Performance.Profile-Analyzer.Editor.csproj", "{B35174CC-16CF-33FC-35CA-76F222AD8F8F}"
EndProject
Project("{FAE04EC0-301F-11D3-BF4B-00C04F79EFBC}") = "Unity.VSCode.Editor", "Unity.VSCode.Editor.csproj", "{63893BDA-95E7-95DF-174B-63998E93B3CA}"
EndProject
Project("{FAE04EC0-301F-11D3-BF4B-00C04F79EFBC}") = "Unity.TestTools.CodeCoverage.Editor.OpenCover.Mono.Reflection", "Unity.TestTools.CodeCoverage.Editor.OpenCover.Mono.Reflection.csproj", "{34B197A8-35B9-AB3F-4DB9-EFEBED22A9BF}"
EndProject
Project("{FAE04EC0-301F-11D3-BF4B-00C04F79EFBC}") = "Unity.Settings.Editor", "Unity.Settings.Editor.csproj", "{8F48C5E6-0B70-33CF-2C8B-A981D1974C84}"
EndProject
Project("{FAE04EC0-301F-11D3-BF4B-00C04F79EFBC}") = "Unity.EditorCoroutines.Editor", "Unity.EditorCoroutines.Editor.csproj", "{82C2480E-8B77-29B6-78E5-C0394046C91A}"
EndProject
Project("{FAE04EC0-301F-11D3-BF4B-00C04F79EFBC}") = "Unity.VisualScripting.Shared.Editor", "Unity.VisualScripting.Shared.Editor.csproj", "{CF15A45E-7035-86A9-2F49-DC55D589D20A}"
EndProject
Project("{FAE04EC0-301F-11D3-BF4B-00C04F79EFBC}") = "Unity.CollabProxy.Editor", "Unity.CollabProxy.Editor.csproj", "{315DA2D8-F99E-B13B-3478-FA5A8945629B}"
EndProject
Global
	GlobalSection(SolutionConfigurationPlatforms) = preSolution
		Debug|Any CPU = Debug|Any CPU
		Release|Any CPU = Release|Any CPU
	EndGlobalSection
	GlobalSection(ProjectConfigurationPlatforms) = postSolution
		{B260D80A-3610-6BF4-207A-C0118AA75341}.Debug|Any CPU.ActiveCfg = Debug|Any CPU
		{B260D80A-3610-6BF4-207A-C0118AA75341}.Debug|Any CPU.Build.0 = Debug|Any CPU
		{B260D80A-3610-6BF4-207A-C0118AA75341}.Release|Any CPU.ActiveCfg = Release|Any CPU
		{B260D80A-3610-6BF4-207A-C0118AA75341}.Release|Any CPU.Build.0 = Release|Any CPU
		{89CB93FD-4807-7C1F-5DF2-228C3CCEA1A0}.Debug|Any CPU.ActiveCfg = Debug|Any CPU
		{89CB93FD-4807-7C1F-5DF2-228C3CCEA1A0}.Debug|Any CPU.Build.0 = Debug|Any CPU
		{89CB93FD-4807-7C1F-5DF2-228C3CCEA1A0}.Release|Any CPU.ActiveCfg = Release|Any CPU
		{89CB93FD-4807-7C1F-5DF2-228C3CCEA1A0}.Release|Any CPU.Build.0 = Release|Any CPU
		{5C25DB3B-F497-9286-C20B-8D4292890720}.Debug|Any CPU.ActiveCfg = Debug|Any CPU
		{5C25DB3B-F497-9286-C20B-8D4292890720}.Debug|Any CPU.Build.0 = Debug|Any CPU
		{5C25DB3B-F497-9286-C20B-8D4292890720}.Release|Any CPU.ActiveCfg = Release|Any CPU
		{5C25DB3B-F497-9286-C20B-8D4292890720}.Release|Any CPU.Build.0 = Release|Any CPU
		{5DF70CF3-4944-C8FC-9588-9655237538D1}.Debug|Any CPU.ActiveCfg = Debug|Any CPU
		{5DF70CF3-4944-C8FC-9588-9655237538D1}.Debug|Any CPU.Build.0 = Debug|Any CPU
		{5DF70CF3-4944-C8FC-9588-9655237538D1}.Release|Any CPU.ActiveCfg = Release|Any CPU
		{5DF70CF3-4944-C8FC-9588-9655237538D1}.Release|Any CPU.Build.0 = Release|Any CPU
		{06AAFE9B-C0EA-01CC-6877-FB0D21F41F65}.Debug|Any CPU.ActiveCfg = Debug|Any CPU
		{06AAFE9B-C0EA-01CC-6877-FB0D21F41F65}.Debug|Any CPU.Build.0 = Debug|Any CPU
		{06AAFE9B-C0EA-01CC-6877-FB0D21F41F65}.Release|Any CPU.ActiveCfg = Release|Any CPU
		{06AAFE9B-C0EA-01CC-6877-FB0D21F41F65}.Release|Any CPU.Build.0 = Release|Any CPU
		{8993AC31-B98A-9641-FC07-D6C1325D351C}.Debug|Any CPU.ActiveCfg = Debug|Any CPU
		{8993AC31-B98A-9641-FC07-D6C1325D351C}.Debug|Any CPU.Build.0 = Debug|Any CPU
		{8993AC31-B98A-9641-FC07-D6C1325D351C}.Release|Any CPU.ActiveCfg = Release|Any CPU
		{8993AC31-B98A-9641-FC07-D6C1325D351C}.Release|Any CPU.Build.0 = Release|Any CPU
		{E0F20943-AF7A-9388-011D-4BEEFC6E1545}.Debug|Any CPU.ActiveCfg = Debug|Any CPU
		{E0F20943-AF7A-9388-011D-4BEEFC6E1545}.Debug|Any CPU.Build.0 = Debug|Any CPU
		{E0F20943-AF7A-9388-011D-4BEEFC6E1545}.Release|Any CPU.ActiveCfg = Release|Any CPU
		{E0F20943-AF7A-9388-011D-4BEEFC6E1545}.Release|Any CPU.Build.0 = Release|Any CPU
		{EB2F5722-3785-E996-7A17-BBBF74B8B115}.Debug|Any CPU.ActiveCfg = Debug|Any CPU
		{EB2F5722-3785-E996-7A17-BBBF74B8B115}.Debug|Any CPU.Build.0 = Debug|Any CPU
		{EB2F5722-3785-E996-7A17-BBBF74B8B115}.Release|Any CPU.ActiveCfg = Release|Any CPU
		{EB2F5722-3785-E996-7A17-BBBF74B8B115}.Release|Any CPU.Build.0 = Release|Any CPU
		{1844A15F-C310-97CB-93A4-A9F0EB384534}.Debug|Any CPU.ActiveCfg = Debug|Any CPU
		{1844A15F-C310-97CB-93A4-A9F0EB384534}.Debug|Any CPU.Build.0 = Debug|Any CPU
		{1844A15F-C310-97CB-93A4-A9F0EB384534}.Release|Any CPU.ActiveCfg = Release|Any CPU
		{1844A15F-C310-97CB-93A4-A9F0EB384534}.Release|Any CPU.Build.0 = Release|Any CPU
		{ED56E14D-00DA-73DD-3164-729153407C21}.Debug|Any CPU.ActiveCfg = Debug|Any CPU
		{ED56E14D-00DA-73DD-3164-729153407C21}.Debug|Any CPU.Build.0 = Debug|Any CPU
		{ED56E14D-00DA-73DD-3164-729153407C21}.Release|Any CPU.ActiveCfg = Release|Any CPU
		{ED56E14D-00DA-73DD-3164-729153407C21}.Release|Any CPU.Build.0 = Release|Any CPU
		{3DA653C7-D3AE-8E9B-8705-EE3CF7871F5D}.Debug|Any CPU.ActiveCfg = Debug|Any CPU
		{3DA653C7-D3AE-8E9B-8705-EE3CF7871F5D}.Debug|Any CPU.Build.0 = Debug|Any CPU
		{3DA653C7-D3AE-8E9B-8705-EE3CF7871F5D}.Release|Any CPU.ActiveCfg = Release|Any CPU
		{3DA653C7-D3AE-8E9B-8705-EE3CF7871F5D}.Release|Any CPU.Build.0 = Release|Any CPU
		{3F3EE997-AE13-9223-648D-A4F2F3AB960E}.Debug|Any CPU.ActiveCfg = Debug|Any CPU
		{3F3EE997-AE13-9223-648D-A4F2F3AB960E}.Debug|Any CPU.Build.0 = Debug|Any CPU
		{3F3EE997-AE13-9223-648D-A4F2F3AB960E}.Release|Any CPU.ActiveCfg = Release|Any CPU
		{3F3EE997-AE13-9223-648D-A4F2F3AB960E}.Release|Any CPU.Build.0 = Release|Any CPU
		{9217C281-FB93-676E-3F74-888BBBF5BAE9}.Debug|Any CPU.ActiveCfg = Debug|Any CPU
		{9217C281-FB93-676E-3F74-888BBBF5BAE9}.Debug|Any CPU.Build.0 = Debug|Any CPU
		{9217C281-FB93-676E-3F74-888BBBF5BAE9}.Release|Any CPU.ActiveCfg = Release|Any CPU
		{9217C281-FB93-676E-3F74-888BBBF5BAE9}.Release|Any CPU.Build.0 = Release|Any CPU
		{668C8BE6-BCA6-5BBA-68B3-D0DEE710B1AB}.Debug|Any CPU.ActiveCfg = Debug|Any CPU
		{668C8BE6-BCA6-5BBA-68B3-D0DEE710B1AB}.Debug|Any CPU.Build.0 = Debug|Any CPU
		{668C8BE6-BCA6-5BBA-68B3-D0DEE710B1AB}.Release|Any CPU.ActiveCfg = Release|Any CPU
		{668C8BE6-BCA6-5BBA-68B3-D0DEE710B1AB}.Release|Any CPU.Build.0 = Release|Any CPU
		{D4DA0458-DC00-F3EC-106E-68A20100816C}.Debug|Any CPU.ActiveCfg = Debug|Any CPU
		{D4DA0458-DC00-F3EC-106E-68A20100816C}.Debug|Any CPU.Build.0 = Debug|Any CPU
		{D4DA0458-DC00-F3EC-106E-68A20100816C}.Release|Any CPU.ActiveCfg = Release|Any CPU
		{D4DA0458-DC00-F3EC-106E-68A20100816C}.Release|Any CPU.Build.0 = Release|Any CPU
		{4FF90C4D-CFC3-FDF1-B340-695A0E8B725A}.Debug|Any CPU.ActiveCfg = Debug|Any CPU
		{4FF90C4D-CFC3-FDF1-B340-695A0E8B725A}.Debug|Any CPU.Build.0 = Debug|Any CPU
		{4FF90C4D-CFC3-FDF1-B340-695A0E8B725A}.Release|Any CPU.ActiveCfg = Release|Any CPU
		{4FF90C4D-CFC3-FDF1-B340-695A0E8B725A}.Release|Any CPU.Build.0 = Release|Any CPU
		{E157B95B-4CF0-E495-CE13-FD238F73214F}.Debug|Any CPU.ActiveCfg = Debug|Any CPU
		{E157B95B-4CF0-E495-CE13-FD238F73214F}.Debug|Any CPU.Build.0 = Debug|Any CPU
		{E157B95B-4CF0-E495-CE13-FD238F73214F}.Release|Any CPU.ActiveCfg = Release|Any CPU
		{E157B95B-4CF0-E495-CE13-FD238F73214F}.Release|Any CPU.Build.0 = Release|Any CPU
		{D5C60B86-B153-C704-AAC9-EBB8D264CB9C}.Debug|Any CPU.ActiveCfg = Debug|Any CPU
		{D5C60B86-B153-C704-AAC9-EBB8D264CB9C}.Debug|Any CPU.Build.0 = Debug|Any CPU
		{D5C60B86-B153-C704-AAC9-EBB8D264CB9C}.Release|Any CPU.ActiveCfg = Release|Any CPU
		{D5C60B86-B153-C704-AAC9-EBB8D264CB9C}.Release|Any CPU.Build.0 = Release|Any CPU
		{1870797A-C95A-2FF5-A2E4-C06EDCE12A93}.Debug|Any CPU.ActiveCfg = Debug|Any CPU
		{1870797A-C95A-2FF5-A2E4-C06EDCE12A93}.Debug|Any CPU.Build.0 = Debug|Any CPU
		{1870797A-C95A-2FF5-A2E4-C06EDCE12A93}.Release|Any CPU.ActiveCfg = Release|Any CPU
		{1870797A-C95A-2FF5-A2E4-C06EDCE12A93}.Release|Any CPU.Build.0 = Release|Any CPU
		{0A3C8F5A-BC86-D8DC-62A7-BE9E0B5D93AB}.Debug|Any CPU.ActiveCfg = Debug|Any CPU
		{0A3C8F5A-BC86-D8DC-62A7-BE9E0B5D93AB}.Debug|Any CPU.Build.0 = Debug|Any CPU
		{0A3C8F5A-BC86-D8DC-62A7-BE9E0B5D93AB}.Release|Any CPU.ActiveCfg = Release|Any CPU
		{0A3C8F5A-BC86-D8DC-62A7-BE9E0B5D93AB}.Release|Any CPU.Build.0 = Release|Any CPU
		{DD43C4B0-5452-92DA-23E8-4E721B0BD31C}.Debug|Any CPU.ActiveCfg = Debug|Any CPU
		{DD43C4B0-5452-92DA-23E8-4E721B0BD31C}.Debug|Any CPU.Build.0 = Debug|Any CPU
		{DD43C4B0-5452-92DA-23E8-4E721B0BD31C}.Release|Any CPU.ActiveCfg = Release|Any CPU
		{DD43C4B0-5452-92DA-23E8-4E721B0BD31C}.Release|Any CPU.Build.0 = Release|Any CPU
		{5FA1706B-DF54-9732-D8CB-DA1528447103}.Debug|Any CPU.ActiveCfg = Debug|Any CPU
		{5FA1706B-DF54-9732-D8CB-DA1528447103}.Debug|Any CPU.Build.0 = Debug|Any CPU
		{5FA1706B-DF54-9732-D8CB-DA1528447103}.Release|Any CPU.ActiveCfg = Release|Any CPU
		{5FA1706B-DF54-9732-D8CB-DA1528447103}.Release|Any CPU.Build.0 = Release|Any CPU
		{B35174CC-16CF-33FC-35CA-76F222AD8F8F}.Debug|Any CPU.ActiveCfg = Debug|Any CPU
		{B35174CC-16CF-33FC-35CA-76F222AD8F8F}.Debug|Any CPU.Build.0 = Debug|Any CPU
		{B35174CC-16CF-33FC-35CA-76F222AD8F8F}.Release|Any CPU.ActiveCfg = Release|Any CPU
		{B35174CC-16CF-33FC-35CA-76F222AD8F8F}.Release|Any CPU.Build.0 = Release|Any CPU
		{63893BDA-95E7-95DF-174B-63998E93B3CA}.Debug|Any CPU.ActiveCfg = Debug|Any CPU
		{63893BDA-95E7-95DF-174B-63998E93B3CA}.Debug|Any CPU.Build.0 = Debug|Any CPU
		{63893BDA-95E7-95DF-174B-63998E93B3CA}.Release|Any CPU.ActiveCfg = Release|Any CPU
		{63893BDA-95E7-95DF-174B-63998E93B3CA}.Release|Any CPU.Build.0 = Release|Any CPU
		{34B197A8-35B9-AB3F-4DB9-EFEBED22A9BF}.Debug|Any CPU.ActiveCfg = Debug|Any CPU
		{34B197A8-35B9-AB3F-4DB9-EFEBED22A9BF}.Debug|Any CPU.Build.0 = Debug|Any CPU
		{34B197A8-35B9-AB3F-4DB9-EFEBED22A9BF}.Release|Any CPU.ActiveCfg = Release|Any CPU
		{34B197A8-35B9-AB3F-4DB9-EFEBED22A9BF}.Release|Any CPU.Build.0 = Release|Any CPU
		{8F48C5E6-0B70-33CF-2C8B-A981D1974C84}.Debug|Any CPU.ActiveCfg = Debug|Any CPU
		{8F48C5E6-0B70-33CF-2C8B-A981D1974C84}.Debug|Any CPU.Build.0 = Debug|Any CPU
		{8F48C5E6-0B70-33CF-2C8B-A981D1974C84}.Release|Any CPU.ActiveCfg = Release|Any CPU
		{8F48C5E6-0B70-33CF-2C8B-A981D1974C84}.Release|Any CPU.Build.0 = Release|Any CPU
		{82C2480E-8B77-29B6-78E5-C0394046C91A}.Debug|Any CPU.ActiveCfg = Debug|Any CPU
		{82C2480E-8B77-29B6-78E5-C0394046C91A}.Debug|Any CPU.Build.0 = Debug|Any CPU
		{82C2480E-8B77-29B6-78E5-C0394046C91A}.Release|Any CPU.ActiveCfg = Release|Any CPU
		{82C2480E-8B77-29B6-78E5-C0394046C91A}.Release|Any CPU.Build.0 = Release|Any CPU
		{CF15A45E-7035-86A9-2F49-DC55D589D20A}.Debug|Any CPU.ActiveCfg = Debug|Any CPU
		{CF15A45E-7035-86A9-2F49-DC55D589D20A}.Debug|Any CPU.Build.0 = Debug|Any CPU
		{CF15A45E-7035-86A9-2F49-DC55D589D20A}.Release|Any CPU.ActiveCfg = Release|Any CPU
		{CF15A45E-7035-86A9-2F49-DC55D589D20A}.Release|Any CPU.Build.0 = Release|Any CPU
		{315DA2D8-F99E-B13B-3478-FA5A8945629B}.Debug|Any CPU.ActiveCfg = Debug|Any CPU
		{315DA2D8-F99E-B13B-3478-FA5A8945629B}.Debug|Any CPU.Build.0 = Debug|Any CPU
		{315DA2D8-F99E-B13B-3478-FA5A8945629B}.Release|Any CPU.ActiveCfg = Release|Any CPU
		{315DA2D8-F99E-B13B-3478-FA5A8945629B}.Release|Any CPU.Build.0 = Release|Any CPU
	EndGlobalSection
	GlobalSection(SolutionProperties) = preSolution
		HideSolutionNode = FALSE
	EndGlobalSection
EndGlobal
