
Microsoft Visual Studio Solution File, Format Version 12.00
# Visual Studio 15
Project("{FAE04EC0-301F-11D3-BF4B-00C04F79EFBC}") = "Assembly-CSharp", "Assembly-CSharp.csproj", "{B260D80A-3610-6BF4-207A-C0118AA75341}"
EndProject
Project("{FAE04EC0-301F-11D3-BF4B-00C04F79EFBC}") = "Assembly-CSharp-Editor", "Assembly-CSharp-Editor.csproj", "{5DF70CF3-4944-C8FC-9588-9655237538D1}"
EndProject
Global
	GlobalSection(SolutionConfigurationPlatforms) = preSolution
		Debug|Any CPU = Debug|Any CPU
		Release|Any CPU = Release|Any CPU
	EndGlobalSection
	GlobalSection(ProjectConfigurationPlatforms) = postSolution
		{B260D80A-3610-6BF4-207A-C0118AA75341}.Debug|Any CPU.ActiveCfg = Debug|Any CPU
		{B260D80A-3610-6BF4-207A-C0118AA75341}.Debug|Any CPU.Build.0 = Debug|Any CPU
		{B260D80A-3610-6BF4-207A-C0118AA75341}.Release|Any CPU.ActiveCfg = Release|Any CPU
		{B260D80A-3610-6BF4-207A-C0118AA75341}.Release|Any CPU.Build.0 = Release|Any CPU
		{5DF70CF3-4944-C8FC-9588-9655237538D1}.Debug|Any CPU.ActiveCfg = Debug|Any CPU
		{5DF70CF3-4944-C8FC-9588-9655237538D1}.Debug|Any CPU.Build.0 = Debug|Any CPU
		{5DF70CF3-4944-C8FC-9588-9655237538D1}.Release|Any CPU.ActiveCfg = Release|Any CPU
		{5DF70CF3-4944-C8FC-9588-9655237538D1}.Release|Any CPU.Build.0 = Release|Any CPU
	EndGlobalSection
	GlobalSection(SolutionProperties) = preSolution
		HideSolutionNode = FALSE
	EndGlobalSection
EndGlobal
